<?xml version="1.0" encoding="utf-8"?>
<Project ToolsVersion="4.0" xmlns="http://schemas.microsoft.com/developer/msbuild/2003">
  <ItemGroup>
    <Filter Include="源文件">
      <UniqueIdentifier>{4FC737F1-C7A5-4376-A066-2A32D752A2FF}</UniqueIdentifier>
      <Extensions>cpp;c;cc;cxx;def;odl;idl;hpj;bat;asm;asmx</Extensions>
    </Filter>
    <Filter Include="头文件">
      <UniqueIdentifier>{93995380-89BD-4b04-88EB-625FBE52EBFB}</UniqueIdentifier>
      <Extensions>h;hpp;hxx;hm;inl;inc;xsd</Extensions>
    </Filter>
    <Filter Include="资源文件">
      <UniqueIdentifier>{67DA6AB6-F800-4c08-8B7A-83BB121AAD01}</UniqueIdentifier>
      <Extensions>rc;ico;cur;bmp;dlg;rc2;rct;bin;rgs;gif;jpg;jpeg;jpe;resx;tiff;tif;png;wav;mfcribbon-ms</Extensions>
    </Filter>
  </ItemGroup>
  <ItemGroup>
    <None Include="readme.txt" />
    <None Include=".f90">
      <Filter>资源文件</Filter>
    </None>
  </ItemGroup>
  <ItemGroup>
    <ClInclude Include="..\..\WeightedMutualInformation.h">
      <Filter>资源文件</Filter>
    </ClInclude>
    <ClInclude Include="..\..\ArrayOperations.h">
      <Filter>资源文件</Filter>
    </ClInclude>
    <ClInclude Include="..\..\CalculateProbability.h">
      <Filter>资源文件</Filter>
    </ClInclude>
    <ClInclude Include="..\..\Entropy.h">
      <Filter>资源文件</Filter>
    </ClInclude>
    <ClInclude Include="..\..\MIToolbox.h">
      <Filter>资源文件</Filter>
    </ClInclude>
    <ClInclude Include="..\..\MutualInformation.h">
      <Filter>资源文件</Filter>
    </ClInclude>
    <ClInclude Include="..\..\RenyiEntropy.h">
      <Filter>资源文件</Filter>
    </ClInclude>
    <ClInclude Include="..\..\RenyiMutualInformation.h">
      <Filter>资源文件</Filter>
    </ClInclude>
    <ClInclude Include="..\..\WeightedEntropy.h">
      <Filter>资源文件</Filter>
    </ClInclude>
  </ItemGroup>
  <ItemGroup>
    <ClCompile Include="..\..\ArrayOperations.c">
      <Filter>资源文件</Filter>
    </ClCompile>
    <ClCompile Include="..\..\CalculateProbability.c">
      <Filter>资源文件</Filter>
    </ClCompile>
    <ClCompile Include="..\..\Entropy.c">
      <Filter>资源文件</Filter>
    </ClCompile>
    <ClCompile Include="..\..\mi.c">
      <Filter>资源文件</Filter>
    </ClCompile>
    <ClCompile Include="..\..\MIToolboxMex.c">
      <Filter>资源文件</Filter>
    </ClCompile>
    <ClCompile Include="..\..\MutualInformation.c">
      <Filter>资源文件</Filter>
    </ClCompile>
    <ClCompile Include="..\..\RenyiEntropy.c">
      <Filter>资源文件</Filter>
    </ClCompile>
    <ClCompile Include="..\..\RenyiMIToolboxMex.c">
      <Filter>资源文件</Filter>
    </ClCompile>
    <ClCompile Include="..\..\RenyiMutualInformation.c">
      <Filter>资源文件</Filter>
    </ClCompile>
    <ClCompile Include="..\..\WeightedEntropy.c">
      <Filter>资源文件</Filter>
    </ClCompile>
    <ClCompile Include="..\..\WeightedMIToolboxMex.c">
      <Filter>资源文件</Filter>
    </ClCompile>
    <ClCompile Include="..\..\WeightedMutualInformation.c">
      <Filter>资源文件</Filter>
    </ClCompile>
  </ItemGroup>
</Project>